// !$*UTF8*$!
{
	archiveVersion = 1;
	classes = {
	};
	objectVersion = 46;
	objects = {

/* Begin PBXBuildFile section */
		5A40B1671AAAD57000121BF2 /* SADetailCell.m in Sources */ = {isa = PBXBuildFile; fileRef = 5A40B1661AAAD57000121BF2 /* SADetailCell.m */; };
		5A40B16A1AAAD61F00121BF2 /* netasistant.xcdatamodeld in Sources */ = {isa = PBXBuildFile; fileRef = 5A40B1681AAAD61F00121BF2 /* netasistant.xcdatamodeld */; };
		5A40B16E1AAAD67900121BF2 /* SADetail.m in Sources */ = {isa = PBXBuildFile; fileRef = 5A40B16D1AAAD67900121BF2 /* SADetail.m */; };
		5A40B1721AAAD6C600121BF2 /* SACoreDataManager.m in Sources */ = {isa = PBXBuildFile; fileRef = 5A40B1711AAAD6C600121BF2 /* SACoreDataManager.m */; };
		5A40B1771AAADC7300121BF2 /* SAConvertUtils.m in Sources */ = {isa = PBXBuildFile; fileRef = 5A40B1761AAADC7300121BF2 /* SAConvertUtils.m */; };
		5A40B17B1AAADCD500121BF2 /* SADateUtils.m in Sources */ = {isa = PBXBuildFile; fileRef = 5A40B17A1AAADCD500121BF2 /* SADateUtils.m */; };
		5A40B17F1AAAE6B900121BF2 /* SADateUtils.m in Sources */ = {isa = PBXBuildFile; fileRef = 5A40B17A1AAADCD500121BF2 /* SADateUtils.m */; };
		5A40B1801AAAE6BC00121BF2 /* SAConvertUtils.m in Sources */ = {isa = PBXBuildFile; fileRef = 5A40B1761AAADC7300121BF2 /* SAConvertUtils.m */; };
		5A40B1811AAAE6C300121BF2 /* SACoreDataManager.m in Sources */ = {isa = PBXBuildFile; fileRef = 5A40B1711AAAD6C600121BF2 /* SACoreDataManager.m */; };
		5A40B1821AAAE6C500121BF2 /* SAGlobalHolder.m in Sources */ = {isa = PBXBuildFile; fileRef = 5A58F5341AA45C940069D40B /* SAGlobalHolder.m */; };
		5A40B1831AAAE6C800121BF2 /* SANetworkFlowService.m in Sources */ = {isa = PBXBuildFile; fileRef = 5A58F5361AA45C940069D40B /* SANetworkFlowService.m */; };
		5A40B1841AAAE6CC00121BF2 /* SANetworkFlow.m in Sources */ = {isa = PBXBuildFile; fileRef = 5A58F5301AA45C5F0069D40B /* SANetworkFlow.m */; };
		5A40B1851AAAE6D100121BF2 /* SADetail.m in Sources */ = {isa = PBXBuildFile; fileRef = 5A40B16D1AAAD67900121BF2 /* SADetail.m */; };
		5A40B1881AAAE96600121BF2 /* SADetailViewController.m in Sources */ = {isa = PBXBuildFile; fileRef = 5A40B1871AAAE96600121BF2 /* SADetailViewController.m */; };
		5A40B1891AAAE96600121BF2 /* SADetailViewController.m in Sources */ = {isa = PBXBuildFile; fileRef = 5A40B1871AAAE96600121BF2 /* SADetailViewController.m */; };
		5A40B18E1AAB028D00121BF2 /* netasistant.xcdatamodeld in Sources */ = {isa = PBXBuildFile; fileRef = 5A40B1681AAAD61F00121BF2 /* netasistant.xcdatamodeld */; };
		5A451CE919CD6DE100F21478 /* NotificationCenter.framework in Frameworks */ = {isa = PBXBuildFile; fileRef = 5A451CE819CD6DE100F21478 /* NotificationCenter.framework */; };
		5A451CEF19CD6DE100F21478 /* TodayViewController.m in Sources */ = {isa = PBXBuildFile; fileRef = 5A451CEE19CD6DE100F21478 /* TodayViewController.m */; };
		5A451CF419CD6DE100F21478 /* Extension.appex in Embed App Extensions */ = {isa = PBXBuildFile; fileRef = 5A451CE719CD6DE100F21478 /* Extension.appex */; settings = {ATTRIBUTES = (RemoveHeadersOnCopy, ); }; };
		5A4F03BB1A70CA0D0050BD32 /* LaunchScreen.xib in Resources */ = {isa = PBXBuildFile; fileRef = 5A4F03BA1A70CA0D0050BD32 /* LaunchScreen.xib */; };
		5A502DEB1B1DC2C900E8438D /* InterfaceController.m in Sources */ = {isa = PBXBuildFile; fileRef = 5A502DEA1B1DC2C900E8438D /* InterfaceController.m */; };
		5A502DEE1B1DC2C900E8438D /* GlanceController.m in Sources */ = {isa = PBXBuildFile; fileRef = 5A502DED1B1DC2C900E8438D /* GlanceController.m */; };
		5A502DF01B1DC2C900E8438D /* Images.xcassets in Resources */ = {isa = PBXBuildFile; fileRef = 5A502DEF1B1DC2C900E8438D /* Images.xcassets */; };
		5A502DF41B1DC2C900E8438D /* 上网助手 WatchKit App.app in Resources */ = {isa = PBXBuildFile; fileRef = 5A502DF31B1DC2C900E8438D /* 上网助手 WatchKit App.app */; };
		5A502DFC1B1DC2C900E8438D /* Interface.storyboard in Resources */ = {isa = PBXBuildFile; fileRef = 5A502DFA1B1DC2C900E8438D /* Interface.storyboard */; };
		5A502DFE1B1DC2C900E8438D /* Images.xcassets in Resources */ = {isa = PBXBuildFile; fileRef = 5A502DFD1B1DC2C900E8438D /* Images.xcassets */; };
		5A502E011B1DC2C900E8438D /* 上网助手 WatchKit Extension.appex in Embed App Extensions */ = {isa = PBXBuildFile; fileRef = 5A502DE51B1DC2C900E8438D /* 上网助手 WatchKit Extension.appex */; settings = {ATTRIBUTES = (RemoveHeadersOnCopy, ); }; };
		5A502E091B1DD12200E8438D /* SAGlobalHolder.m in Sources */ = {isa = PBXBuildFile; fileRef = 5A58F5341AA45C940069D40B /* SAGlobalHolder.m */; };
		5A502E0A1B1DD1D500E8438D /* SANetworkFlowService.m in Sources */ = {isa = PBXBuildFile; fileRef = 5A58F5361AA45C940069D40B /* SANetworkFlowService.m */; };
		5A502E0B1B1DD1DA00E8438D /* SACoreDataManager.m in Sources */ = {isa = PBXBuildFile; fileRef = 5A40B1711AAAD6C600121BF2 /* SACoreDataManager.m */; };
		5A502E0C1B1DD1E000E8438D /* SAConvertUtils.m in Sources */ = {isa = PBXBuildFile; fileRef = 5A40B1761AAADC7300121BF2 /* SAConvertUtils.m */; };
		5A502E0D1B1DD1E300E8438D /* SADateUtils.m in Sources */ = {isa = PBXBuildFile; fileRef = 5A40B17A1AAADCD500121BF2 /* SADateUtils.m */; };
		5A502E0E1B1DD1EC00E8438D /* SANetworkFlow.m in Sources */ = {isa = PBXBuildFile; fileRef = 5A58F5301AA45C5F0069D40B /* SANetworkFlow.m */; };
		5A502E0F1B1DD1F000E8438D /* SADetail.m in Sources */ = {isa = PBXBuildFile; fileRef = 5A40B16D1AAAD67900121BF2 /* SADetail.m */; };
		5A502E101B1DDA7700E8438D /* netasistant.xcdatamodeld in Sources */ = {isa = PBXBuildFile; fileRef = 5A40B1681AAAD61F00121BF2 /* netasistant.xcdatamodeld */; };
		5A58F52D1AA45C440069D40B /* libMobClickLibrary.a in Frameworks */ = {isa = PBXBuildFile; fileRef = 5A58F52B1AA45C440069D40B /* libMobClickLibrary.a */; };
		5A58F5311AA45C5F0069D40B /* SANetworkFlow.m in Sources */ = {isa = PBXBuildFile; fileRef = 5A58F5301AA45C5F0069D40B /* SANetworkFlow.m */; };
		5A58F5371AA45C940069D40B /* SAGlobalHolder.m in Sources */ = {isa = PBXBuildFile; fileRef = 5A58F5341AA45C940069D40B /* SAGlobalHolder.m */; };
		5A58F5381AA45C940069D40B /* SANetworkFlowService.m in Sources */ = {isa = PBXBuildFile; fileRef = 5A58F5361AA45C940069D40B /* SANetworkFlowService.m */; };
		5A58F5401AA45CF60069D40B /* SAAboutViewController.m in Sources */ = {isa = PBXBuildFile; fileRef = 5A58F53B1AA45CF60069D40B /* SAAboutViewController.m */; };
		5A58F5411AA45CF60069D40B /* SAInfoViewController.m in Sources */ = {isa = PBXBuildFile; fileRef = 5A58F53D1AA45CF60069D40B /* SAInfoViewController.m */; };
		5A58F5421AA45CF60069D40B /* SAMainViewController.m in Sources */ = {isa = PBXBuildFile; fileRef = 5A58F53F1AA45CF60069D40B /* SAMainViewController.m */; };
		5A58F54C1AA4628B0069D40B /* VVBlurPresentationController.m in Sources */ = {isa = PBXBuildFile; fileRef = 5A58F5451AA4628B0069D40B /* VVBlurPresentationController.m */; };
		5A58F54D1AA4628B0069D40B /* VVBlurPresenter.m in Sources */ = {isa = PBXBuildFile; fileRef = 5A58F5471AA4628B0069D40B /* VVBlurPresenter.m */; };
		5A58F54E1AA4628B0069D40B /* VVBlurTransitioning.m in Sources */ = {isa = PBXBuildFile; fileRef = 5A58F5491AA4628B0069D40B /* VVBlurTransitioning.m */; };
		5A58F54F1AA4628B0069D40B /* VVBlurViewController.m in Sources */ = {isa = PBXBuildFile; fileRef = 5A58F54B1AA4628B0069D40B /* VVBlurViewController.m */; };
		5A5C27751A5BD4E700EFAA46 /* InfoPlist.strings in Resources */ = {isa = PBXBuildFile; fileRef = 5A5C27771A5BD4E700EFAA46 /* InfoPlist.strings */; };
		5A5C277E1A5BD7A300EFAA46 /* InfoPlist.strings in Resources */ = {isa = PBXBuildFile; fileRef = 5A5C27801A5BD7A300EFAA46 /* InfoPlist.strings */; };
		5A5C27831A5BD80600EFAA46 /* Localizable.strings in Resources */ = {isa = PBXBuildFile; fileRef = 5A5C27851A5BD80600EFAA46 /* Localizable.strings */; };
		5AA08AB61A5BCCE000A9DBB1 /* Localizable.strings in Resources */ = {isa = PBXBuildFile; fileRef = 5AA08AB81A5BCCE000A9DBB1 /* Localizable.strings */; };
		5AAE63F71AA15E6300AB99E6 /* libz.dylib in Frameworks */ = {isa = PBXBuildFile; fileRef = 5AAE63F61AA15E6300AB99E6 /* libz.dylib */; };
		5AB140B01A59258C0027C784 /* MainInterface.storyboard in Resources */ = {isa = PBXBuildFile; fileRef = 5AB140AE1A59258C0027C784 /* MainInterface.storyboard */; };
		5AC5CBBA1A298086001DD8CC /* MessageUI.framework in Frameworks */ = {isa = PBXBuildFile; fileRef = 5AC5CBB91A298086001DD8CC /* MessageUI.framework */; };
		5AED302719CD47F70098DC57 /* main.m in Sources */ = {isa = PBXBuildFile; fileRef = 5AED302619CD47F70098DC57 /* main.m */; };
		5AED302A19CD47F70098DC57 /* AppDelegate.m in Sources */ = {isa = PBXBuildFile; fileRef = 5AED302919CD47F70098DC57 /* AppDelegate.m */; };
		5AED303019CD47F70098DC57 /* Main.storyboard in Resources */ = {isa = PBXBuildFile; fileRef = 5AED302E19CD47F70098DC57 /* Main.storyboard */; };
		5AED303219CD47F70098DC57 /* Images.xcassets in Resources */ = {isa = PBXBuildFile; fileRef = 5AED303119CD47F70098DC57 /* Images.xcassets */; };
		5AED304119CD47F70098DC57 /* NetAsistantTests.m in Sources */ = {isa = PBXBuildFile; fileRef = 5AED304019CD47F70098DC57 /* NetAsistantTests.m */; };
/* End PBXBuildFile section */

/* Begin PBXContainerItemProxy section */
		5A451CF219CD6DE100F21478 /* PBXContainerItemProxy */ = {
			isa = PBXContainerItemProxy;
			containerPortal = 5AED301919CD47F70098DC57 /* Project object */;
			proxyType = 1;
			remoteGlobalIDString = 5A451CE619CD6DE100F21478;
			remoteInfo = Extension;
		};
		5A451CF519CD6DE100F21478 /* PBXContainerItemProxy */ = {
			isa = PBXContainerItemProxy;
			containerPortal = 5AED301919CD47F70098DC57 /* Project object */;
			proxyType = 1;
			remoteGlobalIDString = 5A451CE619CD6DE100F21478;
			remoteInfo = Extension;
		};
		5A502DF51B1DC2C900E8438D /* PBXContainerItemProxy */ = {
			isa = PBXContainerItemProxy;
			containerPortal = 5AED301919CD47F70098DC57 /* Project object */;
			proxyType = 1;
			remoteGlobalIDString = 5A502DF21B1DC2C900E8438D;
			remoteInfo = "上网助手 WatchKit App";
		};
		5A502DFF1B1DC2C900E8438D /* PBXContainerItemProxy */ = {
			isa = PBXContainerItemProxy;
			containerPortal = 5AED301919CD47F70098DC57 /* Project object */;
			proxyType = 1;
			remoteGlobalIDString = 5A502DE41B1DC2C900E8438D;
			remoteInfo = "上网助手 WatchKit Extension";
		};
		5AED303B19CD47F70098DC57 /* PBXContainerItemProxy */ = {
			isa = PBXContainerItemProxy;
			containerPortal = 5AED301919CD47F70098DC57 /* Project object */;
			proxyType = 1;
			remoteGlobalIDString = 5AED302019CD47F70098DC57;
			remoteInfo = NetAsistant;
		};
/* End PBXContainerItemProxy section */

/* Begin PBXCopyFilesBuildPhase section */
		5A451CFA19CD6DE100F21478 /* Embed App Extensions */ = {
			isa = PBXCopyFilesBuildPhase;
			buildActionMask = 2147483647;
			dstPath = "";
			dstSubfolderSpec = 13;
			files = (
				5A502E011B1DC2C900E8438D /* 上网助手 WatchKit Extension.appex in Embed App Extensions */,
				5A451CF419CD6DE100F21478 /* Extension.appex in Embed App Extensions */,
			);
			name = "Embed App Extensions";
			runOnlyForDeploymentPostprocessing = 0;
		};
/* End PBXCopyFilesBuildPhase section */

/* Begin PBXFileReference section */
		5A40B1651AAAD57000121BF2 /* SADetailCell.h */ = {isa = PBXFileReference; fileEncoding = 4; lastKnownFileType = sourcecode.c.h; path = SADetailCell.h; sourceTree = "<group>"; };
		5A40B1661AAAD57000121BF2 /* SADetailCell.m */ = {isa = PBXFileReference; fileEncoding = 4; lastKnownFileType = sourcecode.c.objc; path = SADetailCell.m; sourceTree = "<group>"; };
		5A40B1691AAAD61F00121BF2 /* netasistant.xcdatamodel */ = {isa = PBXFileReference; lastKnownFileType = wrapper.xcdatamodel; path = netasistant.xcdatamodel; sourceTree = "<group>"; };
		5A40B16C1AAAD67900121BF2 /* SADetail.h */ = {isa = PBXFileReference; fileEncoding = 4; lastKnownFileType = sourcecode.c.h; path = SADetail.h; sourceTree = "<group>"; };
		5A40B16D1AAAD67900121BF2 /* SADetail.m */ = {isa = PBXFileReference; fileEncoding = 4; lastKnownFileType = sourcecode.c.objc; path = SADetail.m; sourceTree = "<group>"; };
		5A40B1701AAAD6C600121BF2 /* SACoreDataManager.h */ = {isa = PBXFileReference; fileEncoding = 4; lastKnownFileType = sourcecode.c.h; path = SACoreDataManager.h; sourceTree = "<group>"; };
		5A40B1711AAAD6C600121BF2 /* SACoreDataManager.m */ = {isa = PBXFileReference; fileEncoding = 4; lastKnownFileType = sourcecode.c.objc; path = SACoreDataManager.m; sourceTree = "<group>"; };
		5A40B1751AAADC7300121BF2 /* SAConvertUtils.h */ = {isa = PBXFileReference; fileEncoding = 4; lastKnownFileType = sourcecode.c.h; path = SAConvertUtils.h; sourceTree = "<group>"; };
		5A40B1761AAADC7300121BF2 /* SAConvertUtils.m */ = {isa = PBXFileReference; fileEncoding = 4; lastKnownFileType = sourcecode.c.objc; path = SAConvertUtils.m; sourceTree = "<group>"; };
		5A40B1791AAADCD500121BF2 /* SADateUtils.h */ = {isa = PBXFileReference; fileEncoding = 4; lastKnownFileType = sourcecode.c.h; path = SADateUtils.h; sourceTree = "<group>"; };
		5A40B17A1AAADCD500121BF2 /* SADateUtils.m */ = {isa = PBXFileReference; fileEncoding = 4; lastKnownFileType = sourcecode.c.objc; path = SADateUtils.m; sourceTree = "<group>"; };
		5A40B1861AAAE96600121BF2 /* SADetailViewController.h */ = {isa = PBXFileReference; fileEncoding = 4; lastKnownFileType = sourcecode.c.h; path = SADetailViewController.h; sourceTree = "<group>"; };
		5A40B1871AAAE96600121BF2 /* SADetailViewController.m */ = {isa = PBXFileReference; fileEncoding = 4; lastKnownFileType = sourcecode.c.objc; path = SADetailViewController.m; sourceTree = "<group>"; };
		5A40B18D1AAAEAB200121BF2 /* en */ = {isa = PBXFileReference; lastKnownFileType = text.plist.strings; name = en; path = en.lproj/Main.strings; sourceTree = "<group>"; };
		5A451CE719CD6DE100F21478 /* Extension.appex */ = {isa = PBXFileReference; explicitFileType = "wrapper.app-extension"; includeInIndex = 0; path = Extension.appex; sourceTree = BUILT_PRODUCTS_DIR; };
		5A451CE819CD6DE100F21478 /* NotificationCenter.framework */ = {isa = PBXFileReference; lastKnownFileType = wrapper.framework; name = NotificationCenter.framework; path = System/Library/Frameworks/NotificationCenter.framework; sourceTree = SDKROOT; };
		5A451CEC19CD6DE100F21478 /* Info.plist */ = {isa = PBXFileReference; lastKnownFileType = text.plist.xml; path = Info.plist; sourceTree = "<group>"; };
		5A451CED19CD6DE100F21478 /* TodayViewController.h */ = {isa = PBXFileReference; lastKnownFileType = sourcecode.c.h; path = TodayViewController.h; sourceTree = "<group>"; };
		5A451CEE19CD6DE100F21478 /* TodayViewController.m */ = {isa = PBXFileReference; lastKnownFileType = sourcecode.c.objc; path = TodayViewController.m; sourceTree = "<group>"; };
		5A4F03BA1A70CA0D0050BD32 /* LaunchScreen.xib */ = {isa = PBXFileReference; fileEncoding = 4; lastKnownFileType = file.xib; path = LaunchScreen.xib; sourceTree = "<group>"; };
		5A502DE51B1DC2C900E8438D /* 上网助手 WatchKit Extension.appex */ = {isa = PBXFileReference; explicitFileType = "wrapper.app-extension"; includeInIndex = 0; path = "上网助手 WatchKit Extension.appex"; sourceTree = BUILT_PRODUCTS_DIR; };
		5A502DE81B1DC2C900E8438D /* Info.plist */ = {isa = PBXFileReference; lastKnownFileType = text.plist.xml; path = Info.plist; sourceTree = "<group>"; };
		5A502DE91B1DC2C900E8438D /* InterfaceController.h */ = {isa = PBXFileReference; lastKnownFileType = sourcecode.c.h; path = InterfaceController.h; sourceTree = "<group>"; };
		5A502DEA1B1DC2C900E8438D /* InterfaceController.m */ = {isa = PBXFileReference; lastKnownFileType = sourcecode.c.objc; path = InterfaceController.m; sourceTree = "<group>"; };
		5A502DEC1B1DC2C900E8438D /* GlanceController.h */ = {isa = PBXFileReference; lastKnownFileType = sourcecode.c.h; path = GlanceController.h; sourceTree = "<group>"; };
		5A502DED1B1DC2C900E8438D /* GlanceController.m */ = {isa = PBXFileReference; lastKnownFileType = sourcecode.c.objc; path = GlanceController.m; sourceTree = "<group>"; };
		5A502DEF1B1DC2C900E8438D /* Images.xcassets */ = {isa = PBXFileReference; lastKnownFileType = folder.assetcatalog; path = Images.xcassets; sourceTree = "<group>"; };
		5A502DF31B1DC2C900E8438D /* 上网助手 WatchKit App.app */ = {isa = PBXFileReference; explicitFileType = wrapper.application; includeInIndex = 0; path = "上网助手 WatchKit App.app"; sourceTree = BUILT_PRODUCTS_DIR; };
		5A502DF91B1DC2C900E8438D /* Info.plist */ = {isa = PBXFileReference; lastKnownFileType = text.plist.xml; path = Info.plist; sourceTree = "<group>"; };
		5A502DFB1B1DC2C900E8438D /* Base */ = {isa = PBXFileReference; lastKnownFileType = file.storyboard; name = Base; path = Base.lproj/Interface.storyboard; sourceTree = "<group>"; };
		5A502DFD1B1DC2C900E8438D /* Images.xcassets */ = {isa = PBXFileReference; lastKnownFileType = folder.assetcatalog; path = Images.xcassets; sourceTree = "<group>"; };
		5A502E081B1DCEFC00E8438D /* 上网助手 WatchKit Extension.entitlements */ = {isa = PBXFileReference; lastKnownFileType = text.xml; path = "上网助手 WatchKit Extension.entitlements"; sourceTree = "<group>"; };
		5A58F52B1AA45C440069D40B /* libMobClickLibrary.a */ = {isa = PBXFileReference; lastKnownFileType = archive.ar; path = libMobClickLibrary.a; sourceTree = "<group>"; };
		5A58F52C1AA45C440069D40B /* MobClick.h */ = {isa = PBXFileReference; fileEncoding = 4; lastKnownFileType = sourcecode.c.h; path = MobClick.h; sourceTree = "<group>"; };
		5A58F52F1AA45C5F0069D40B /* SANetworkFlow.h */ = {isa = PBXFileReference; fileEncoding = 4; lastKnownFileType = sourcecode.c.h; path = SANetworkFlow.h; sourceTree = "<group>"; };
		5A58F5301AA45C5F0069D40B /* SANetworkFlow.m */ = {isa = PBXFileReference; fileEncoding = 4; lastKnownFileType = sourcecode.c.objc; path = SANetworkFlow.m; sourceTree = "<group>"; };
		5A58F5331AA45C940069D40B /* SAGlobalHolder.h */ = {isa = PBXFileReference; fileEncoding = 4; lastKnownFileType = sourcecode.c.h; path = SAGlobalHolder.h; sourceTree = "<group>"; };
		5A58F5341AA45C940069D40B /* SAGlobalHolder.m */ = {isa = PBXFileReference; fileEncoding = 4; lastKnownFileType = sourcecode.c.objc; path = SAGlobalHolder.m; sourceTree = "<group>"; };
		5A58F5351AA45C940069D40B /* SANetworkFlowService.h */ = {isa = PBXFileReference; fileEncoding = 4; lastKnownFileType = sourcecode.c.h; path = SANetworkFlowService.h; sourceTree = "<group>"; };
		5A58F5361AA45C940069D40B /* SANetworkFlowService.m */ = {isa = PBXFileReference; fileEncoding = 4; lastKnownFileType = sourcecode.c.objc; path = SANetworkFlowService.m; sourceTree = "<group>"; };
		5A58F53A1AA45CF60069D40B /* SAAboutViewController.h */ = {isa = PBXFileReference; fileEncoding = 4; lastKnownFileType = sourcecode.c.h; path = SAAboutViewController.h; sourceTree = "<group>"; };
		5A58F53B1AA45CF60069D40B /* SAAboutViewController.m */ = {isa = PBXFileReference; fileEncoding = 4; lastKnownFileType = sourcecode.c.objc; path = SAAboutViewController.m; sourceTree = "<group>"; };
		5A58F53C1AA45CF60069D40B /* SAInfoViewController.h */ = {isa = PBXFileReference; fileEncoding = 4; lastKnownFileType = sourcecode.c.h; path = SAInfoViewController.h; sourceTree = "<group>"; };
		5A58F53D1AA45CF60069D40B /* SAInfoViewController.m */ = {isa = PBXFileReference; fileEncoding = 4; lastKnownFileType = sourcecode.c.objc; path = SAInfoViewController.m; sourceTree = "<group>"; };
		5A58F53E1AA45CF60069D40B /* SAMainViewController.h */ = {isa = PBXFileReference; fileEncoding = 4; lastKnownFileType = sourcecode.c.h; path = SAMainViewController.h; sourceTree = "<group>"; };
		5A58F53F1AA45CF60069D40B /* SAMainViewController.m */ = {isa = PBXFileReference; fileEncoding = 4; lastKnownFileType = sourcecode.c.objc; path = SAMainViewController.m; sourceTree = "<group>"; };
		5A58F5441AA4628B0069D40B /* VVBlurPresentationController.h */ = {isa = PBXFileReference; fileEncoding = 4; lastKnownFileType = sourcecode.c.h; path = VVBlurPresentationController.h; sourceTree = "<group>"; };
		5A58F5451AA4628B0069D40B /* VVBlurPresentationController.m */ = {isa = PBXFileReference; fileEncoding = 4; lastKnownFileType = sourcecode.c.objc; path = VVBlurPresentationController.m; sourceTree = "<group>"; };
		5A58F5461AA4628B0069D40B /* VVBlurPresenter.h */ = {isa = PBXFileReference; fileEncoding = 4; lastKnownFileType = sourcecode.c.h; path = VVBlurPresenter.h; sourceTree = "<group>"; };
		5A58F5471AA4628B0069D40B /* VVBlurPresenter.m */ = {isa = PBXFileReference; fileEncoding = 4; lastKnownFileType = sourcecode.c.objc; path = VVBlurPresenter.m; sourceTree = "<group>"; };
		5A58F5481AA4628B0069D40B /* VVBlurTransitioning.h */ = {isa = PBXFileReference; fileEncoding = 4; lastKnownFileType = sourcecode.c.h; path = VVBlurTransitioning.h; sourceTree = "<group>"; };
		5A58F5491AA4628B0069D40B /* VVBlurTransitioning.m */ = {isa = PBXFileReference; fileEncoding = 4; lastKnownFileType = sourcecode.c.objc; path = VVBlurTransitioning.m; sourceTree = "<group>"; };
		5A58F54A1AA4628B0069D40B /* VVBlurViewController.h */ = {isa = PBXFileReference; fileEncoding = 4; lastKnownFileType = sourcecode.c.h; path = VVBlurViewController.h; sourceTree = "<group>"; };
		5A58F54B1AA4628B0069D40B /* VVBlurViewController.m */ = {isa = PBXFileReference; fileEncoding = 4; lastKnownFileType = sourcecode.c.objc; path = VVBlurViewController.m; sourceTree = "<group>"; };
		5A5C276F1A5BD44700EFAA46 /* Base */ = {isa = PBXFileReference; lastKnownFileType = text.plist.xml; name = Base; path = Base.lproj/Info.plist; sourceTree = "<group>"; };
		5A5C27761A5BD4E700EFAA46 /* Base */ = {isa = PBXFileReference; lastKnownFileType = text.plist.strings; name = Base; path = Base.lproj/InfoPlist.strings; sourceTree = "<group>"; };
		5A5C27781A5BD4E800EFAA46 /* zh-Hans */ = {isa = PBXFileReference; lastKnownFileType = text.plist.strings; name = "zh-Hans"; path = "zh-Hans.lproj/InfoPlist.strings"; sourceTree = "<group>"; };
		5A5C27791A5BD4EB00EFAA46 /* en */ = {isa = PBXFileReference; lastKnownFileType = text.plist.strings; name = en; path = en.lproj/InfoPlist.strings; sourceTree = "<group>"; };
		5A5C277F1A5BD7A300EFAA46 /* Base */ = {isa = PBXFileReference; lastKnownFileType = text.plist.strings; name = Base; path = Base.lproj/InfoPlist.strings; sourceTree = "<group>"; };
		5A5C27811A5BD7A400EFAA46 /* zh-Hans */ = {isa = PBXFileReference; lastKnownFileType = text.plist.strings; name = "zh-Hans"; path = "zh-Hans.lproj/InfoPlist.strings"; sourceTree = "<group>"; };
		5A5C27821A5BD7A700EFAA46 /* en */ = {isa = PBXFileReference; lastKnownFileType = text.plist.strings; name = en; path = en.lproj/InfoPlist.strings; sourceTree = "<group>"; };
		5A5C27841A5BD80600EFAA46 /* Base */ = {isa = PBXFileReference; lastKnownFileType = text.plist.strings; name = Base; path = Base.lproj/Localizable.strings; sourceTree = "<group>"; };
		5A5C27861A5BD80700EFAA46 /* zh-Hans */ = {isa = PBXFileReference; lastKnownFileType = text.plist.strings; name = "zh-Hans"; path = "zh-Hans.lproj/Localizable.strings"; sourceTree = "<group>"; };
		5A5C27871A5BD80700EFAA46 /* en */ = {isa = PBXFileReference; lastKnownFileType = text.plist.strings; name = en; path = en.lproj/Localizable.strings; sourceTree = "<group>"; };
		5A7BCE9919E7C6A1005F01F7 /* zh-Hans */ = {isa = PBXFileReference; lastKnownFileType = text.plist.strings; name = "zh-Hans"; path = "zh-Hans.lproj/Main.strings"; sourceTree = "<group>"; };
		5AA08AB11A5BC5F500A9DBB1 /* en */ = {isa = PBXFileReference; lastKnownFileType = text.plist.strings; name = en; path = en.lproj/MainInterface.strings; sourceTree = "<group>"; };
		5AA08AB71A5BCCE000A9DBB1 /* Base */ = {isa = PBXFileReference; lastKnownFileType = text.plist.strings; name = Base; path = Base.lproj/Localizable.strings; sourceTree = "<group>"; };
		5AA08AB91A5BCCE300A9DBB1 /* zh-Hans */ = {isa = PBXFileReference; lastKnownFileType = text.plist.strings; name = "zh-Hans"; path = "zh-Hans.lproj/Localizable.strings"; sourceTree = "<group>"; };
		5AA08ABA1A5BCCE300A9DBB1 /* en */ = {isa = PBXFileReference; lastKnownFileType = text.plist.strings; name = en; path = en.lproj/Localizable.strings; sourceTree = "<group>"; };
		5AAE63F61AA15E6300AB99E6 /* libz.dylib */ = {isa = PBXFileReference; lastKnownFileType = "compiled.mach-o.dylib"; name = libz.dylib; path = usr/lib/libz.dylib; sourceTree = SDKROOT; };
		5AB140B21A5925ED0027C784 /* Base */ = {isa = PBXFileReference; lastKnownFileType = file.storyboard; name = Base; path = Base.lproj/MainInterface.storyboard; sourceTree = "<group>"; };
		5AB140B31A5926080027C784 /* zh-Hans */ = {isa = PBXFileReference; lastKnownFileType = text.plist.strings; name = "zh-Hans"; path = "zh-Hans.lproj/MainInterface.strings"; sourceTree = "<group>"; };
		5AC5CBB91A298086001DD8CC /* MessageUI.framework */ = {isa = PBXFileReference; lastKnownFileType = wrapper.framework; name = MessageUI.framework; path = System/Library/Frameworks/MessageUI.framework; sourceTree = SDKROOT; };
		5AE39F2119D0134000AEC2F0 /* NetAsistant.entitlements */ = {isa = PBXFileReference; lastKnownFileType = text.xml; path = NetAsistant.entitlements; sourceTree = "<group>"; };
		5AE39F2219D0139900AEC2F0 /* Extension.entitlements */ = {isa = PBXFileReference; lastKnownFileType = text.xml; path = Extension.entitlements; sourceTree = "<group>"; };
		5AED302119CD47F70098DC57 /* NetAsistant.app */ = {isa = PBXFileReference; explicitFileType = wrapper.application; includeInIndex = 0; path = NetAsistant.app; sourceTree = BUILT_PRODUCTS_DIR; };
		5AED302619CD47F70098DC57 /* main.m */ = {isa = PBXFileReference; lastKnownFileType = sourcecode.c.objc; path = main.m; sourceTree = "<group>"; };
		5AED302819CD47F70098DC57 /* AppDelegate.h */ = {isa = PBXFileReference; lastKnownFileType = sourcecode.c.h; path = AppDelegate.h; sourceTree = "<group>"; };
		5AED302919CD47F70098DC57 /* AppDelegate.m */ = {isa = PBXFileReference; lastKnownFileType = sourcecode.c.objc; path = AppDelegate.m; sourceTree = "<group>"; };
		5AED302F19CD47F70098DC57 /* Base */ = {isa = PBXFileReference; lastKnownFileType = file.storyboard; name = Base; path = Base.lproj/Main.storyboard; sourceTree = "<group>"; };
		5AED303119CD47F70098DC57 /* Images.xcassets */ = {isa = PBXFileReference; lastKnownFileType = folder.assetcatalog; path = Images.xcassets; sourceTree = "<group>"; };
		5AED303A19CD47F70098DC57 /* NetAsistantTests.xctest */ = {isa = PBXFileReference; explicitFileType = wrapper.cfbundle; includeInIndex = 0; path = NetAsistantTests.xctest; sourceTree = BUILT_PRODUCTS_DIR; };
		5AED303F19CD47F70098DC57 /* Info.plist */ = {isa = PBXFileReference; lastKnownFileType = text.plist.xml; path = Info.plist; sourceTree = "<group>"; };
		5AED304019CD47F70098DC57 /* NetAsistantTests.m */ = {isa = PBXFileReference; lastKnownFileType = sourcecode.c.objc; path = NetAsistantTests.m; sourceTree = "<group>"; };
		5AED305619CD4B6D0098DC57 /* Foundation.framework */ = {isa = PBXFileReference; lastKnownFileType = wrapper.framework; name = Foundation.framework; path = System/Library/Frameworks/Foundation.framework; sourceTree = SDKROOT; };
		5AED308C19CD4CF80098DC57 /* CoreGraphics.framework */ = {isa = PBXFileReference; lastKnownFileType = wrapper.framework; name = CoreGraphics.framework; path = System/Library/Frameworks/CoreGraphics.framework; sourceTree = SDKROOT; };
/* End PBXFileReference section */

/* Begin PBXFrameworksBuildPhase section */
		5A451CE419CD6DE100F21478 /* Frameworks */ = {
			isa = PBXFrameworksBuildPhase;
			buildActionMask = 2147483647;
			files = (
				5A451CE919CD6DE100F21478 /* NotificationCenter.framework in Frameworks */,
			);
			runOnlyForDeploymentPostprocessing = 0;
		};
		5A502DE21B1DC2C900E8438D /* Frameworks */ = {
			isa = PBXFrameworksBuildPhase;
			buildActionMask = 2147483647;
			files = (
			);
			runOnlyForDeploymentPostprocessing = 0;
		};
		5AED301E19CD47F70098DC57 /* Frameworks */ = {
			isa = PBXFrameworksBuildPhase;
			buildActionMask = 2147483647;
			files = (
				5A58F52D1AA45C440069D40B /* libMobClickLibrary.a in Frameworks */,
				5AAE63F71AA15E6300AB99E6 /* libz.dylib in Frameworks */,
				5AC5CBBA1A298086001DD8CC /* MessageUI.framework in Frameworks */,
			);
			runOnlyForDeploymentPostprocessing = 0;
		};
		5AED303719CD47F70098DC57 /* Frameworks */ = {
			isa = PBXFrameworksBuildPhase;
			buildActionMask = 2147483647;
			files = (
			);
			runOnlyForDeploymentPostprocessing = 0;
		};
/* End PBXFrameworksBuildPhase section */

/* Begin PBXGroup section */
		5A40B1641AAAD55800121BF2 /* Views */ = {
			isa = PBXGroup;
			children = (
				5A40B1651AAAD57000121BF2 /* SADetailCell.h */,
				5A40B1661AAAD57000121BF2 /* SADetailCell.m */,
			);
			path = Views;
			sourceTree = "<group>";
		};
		5A40B1741AAADC6200121BF2 /* Utils */ = {
			isa = PBXGroup;
			children = (
				5A40B1751AAADC7300121BF2 /* SAConvertUtils.h */,
				5A40B1761AAADC7300121BF2 /* SAConvertUtils.m */,
				5A40B1791AAADCD500121BF2 /* SADateUtils.h */,
				5A40B17A1AAADCD500121BF2 /* SADateUtils.m */,
			);
			path = Utils;
			sourceTree = "<group>";
		};
		5A451CEA19CD6DE100F21478 /* Extension */ = {
			isa = PBXGroup;
			children = (
				5AE39F2219D0139900AEC2F0 /* Extension.entitlements */,
				5A451CED19CD6DE100F21478 /* TodayViewController.h */,
				5A451CEE19CD6DE100F21478 /* TodayViewController.m */,
				5AB140AE1A59258C0027C784 /* MainInterface.storyboard */,
				5A451CEB19CD6DE100F21478 /* Supporting Files */,
			);
			path = Extension;
			sourceTree = "<group>";
		};
		5A451CEB19CD6DE100F21478 /* Supporting Files */ = {
			isa = PBXGroup;
			children = (
				5A451CEC19CD6DE100F21478 /* Info.plist */,
				5A5C27851A5BD80600EFAA46 /* Localizable.strings */,
				5A5C27801A5BD7A300EFAA46 /* InfoPlist.strings */,
			);
			name = "Supporting Files";
			sourceTree = "<group>";
		};
		5A502DE61B1DC2C900E8438D /* 上网助手 WatchKit Extension */ = {
			isa = PBXGroup;
			children = (
				5A502E081B1DCEFC00E8438D /* 上网助手 WatchKit Extension.entitlements */,
				5A502DE91B1DC2C900E8438D /* InterfaceController.h */,
				5A502DEA1B1DC2C900E8438D /* InterfaceController.m */,
				5A502DEC1B1DC2C900E8438D /* GlanceController.h */,
				5A502DED1B1DC2C900E8438D /* GlanceController.m */,
				5A502DEF1B1DC2C900E8438D /* Images.xcassets */,
				5A502DE71B1DC2C900E8438D /* Supporting Files */,
			);
			path = "上网助手 WatchKit Extension";
			sourceTree = "<group>";
		};
		5A502DE71B1DC2C900E8438D /* Supporting Files */ = {
			isa = PBXGroup;
			children = (
				5A502DE81B1DC2C900E8438D /* Info.plist */,
			);
			name = "Supporting Files";
			sourceTree = "<group>";
		};
		5A502DF71B1DC2C900E8438D /* 上网助手 WatchKit App */ = {
			isa = PBXGroup;
			children = (
				5A502DFA1B1DC2C900E8438D /* Interface.storyboard */,
				5A502DFD1B1DC2C900E8438D /* Images.xcassets */,
				5A502DF81B1DC2C900E8438D /* Supporting Files */,
			);
			path = "上网助手 WatchKit App";
			sourceTree = "<group>";
		};
		5A502DF81B1DC2C900E8438D /* Supporting Files */ = {
			isa = PBXGroup;
			children = (
				5A502DF91B1DC2C900E8438D /* Info.plist */,
			);
			name = "Supporting Files";
			sourceTree = "<group>";
		};
		5A58F5291AA45C440069D40B /* Libs */ = {
			isa = PBXGroup;
			children = (
				5A58F5431AA4628B0069D40B /* VVBlurPresentation */,
				5A58F52A1AA45C440069D40B /* Umeng */,
			);
			path = Libs;
			sourceTree = "<group>";
		};
		5A58F52A1AA45C440069D40B /* Umeng */ = {
			isa = PBXGroup;
			children = (
				5A58F52B1AA45C440069D40B /* libMobClickLibrary.a */,
				5A58F52C1AA45C440069D40B /* MobClick.h */,
			);
			path = Umeng;
			sourceTree = "<group>";
		};
		5A58F52E1AA45C5F0069D40B /* Models */ = {
			isa = PBXGroup;
			children = (
				5A58F52F1AA45C5F0069D40B /* SANetworkFlow.h */,
				5A58F5301AA45C5F0069D40B /* SANetworkFlow.m */,
				5A40B16C1AAAD67900121BF2 /* SADetail.h */,
				5A40B16D1AAAD67900121BF2 /* SADetail.m */,
			);
			path = Models;
			sourceTree = "<group>";
		};
		5A58F5321AA45C940069D40B /* Services */ = {
			isa = PBXGroup;
			children = (
				5A40B1701AAAD6C600121BF2 /* SACoreDataManager.h */,
				5A40B1711AAAD6C600121BF2 /* SACoreDataManager.m */,
				5A58F5331AA45C940069D40B /* SAGlobalHolder.h */,
				5A58F5341AA45C940069D40B /* SAGlobalHolder.m */,
				5A58F5351AA45C940069D40B /* SANetworkFlowService.h */,
				5A58F5361AA45C940069D40B /* SANetworkFlowService.m */,
			);
			path = Services;
			sourceTree = "<group>";
		};
		5A58F5391AA45CF60069D40B /* Controllers */ = {
			isa = PBXGroup;
			children = (
				5A58F53A1AA45CF60069D40B /* SAAboutViewController.h */,
				5A58F53B1AA45CF60069D40B /* SAAboutViewController.m */,
				5A58F53C1AA45CF60069D40B /* SAInfoViewController.h */,
				5A58F53D1AA45CF60069D40B /* SAInfoViewController.m */,
				5A58F53E1AA45CF60069D40B /* SAMainViewController.h */,
				5A58F53F1AA45CF60069D40B /* SAMainViewController.m */,
				5A40B1861AAAE96600121BF2 /* SADetailViewController.h */,
				5A40B1871AAAE96600121BF2 /* SADetailViewController.m */,
			);
			path = Controllers;
			sourceTree = "<group>";
		};
		5A58F5431AA4628B0069D40B /* VVBlurPresentation */ = {
			isa = PBXGroup;
			children = (
				5A58F5441AA4628B0069D40B /* VVBlurPresentationController.h */,
				5A58F5451AA4628B0069D40B /* VVBlurPresentationController.m */,
				5A58F5461AA4628B0069D40B /* VVBlurPresenter.h */,
				5A58F5471AA4628B0069D40B /* VVBlurPresenter.m */,
				5A58F5481AA4628B0069D40B /* VVBlurTransitioning.h */,
				5A58F5491AA4628B0069D40B /* VVBlurTransitioning.m */,
				5A58F54A1AA4628B0069D40B /* VVBlurViewController.h */,
				5A58F54B1AA4628B0069D40B /* VVBlurViewController.m */,
			);
			path = VVBlurPresentation;
			sourceTree = "<group>";
		};
		5AED301819CD47F70098DC57 = {
			isa = PBXGroup;
			children = (
				5A451CEA19CD6DE100F21478 /* Extension */,
				5A502DE61B1DC2C900E8438D /* 上网助手 WatchKit Extension */,
				5A502DF71B1DC2C900E8438D /* 上网助手 WatchKit App */,
				5AED308B19CD4BC40098DC57 /* Frameworks */,
				5AED302319CD47F70098DC57 /* NetAsistant */,
				5AED303D19CD47F70098DC57 /* NetAsistantTests */,
				5AED302219CD47F70098DC57 /* Products */,
			);
			sourceTree = "<group>";
		};
		5AED302219CD47F70098DC57 /* Products */ = {
			isa = PBXGroup;
			children = (
				5AED302119CD47F70098DC57 /* NetAsistant.app */,
				5AED303A19CD47F70098DC57 /* NetAsistantTests.xctest */,
				5A451CE719CD6DE100F21478 /* Extension.appex */,
				5A502DE51B1DC2C900E8438D /* 上网助手 WatchKit Extension.appex */,
				5A502DF31B1DC2C900E8438D /* 上网助手 WatchKit App.app */,
			);
			name = Products;
			sourceTree = "<group>";
		};
		5AED302319CD47F70098DC57 /* NetAsistant */ = {
			isa = PBXGroup;
			children = (
				5AE39F2119D0134000AEC2F0 /* NetAsistant.entitlements */,
				5A40B1741AAADC6200121BF2 /* Utils */,
				5A40B1641AAAD55800121BF2 /* Views */,
				5A58F5391AA45CF60069D40B /* Controllers */,
				5A58F5321AA45C940069D40B /* Services */,
				5A58F52E1AA45C5F0069D40B /* Models */,
				5A58F5291AA45C440069D40B /* Libs */,
				5AED302819CD47F70098DC57 /* AppDelegate.h */,
				5AED302919CD47F70098DC57 /* AppDelegate.m */,
				5AED302E19CD47F70098DC57 /* Main.storyboard */,
				5AED303119CD47F70098DC57 /* Images.xcassets */,
				5AED302419CD47F70098DC57 /* Supporting Files */,
				5A4F03BA1A70CA0D0050BD32 /* LaunchScreen.xib */,
				5A40B1681AAAD61F00121BF2 /* netasistant.xcdatamodeld */,
			);
			path = NetAsistant;
			sourceTree = "<group>";
		};
		5AED302419CD47F70098DC57 /* Supporting Files */ = {
			isa = PBXGroup;
			children = (
				5AA08ABC1A5BCE2200A9DBB1 /* Info.plist */,
				5AED302619CD47F70098DC57 /* main.m */,
				5AA08AB81A5BCCE000A9DBB1 /* Localizable.strings */,
				5A5C27771A5BD4E700EFAA46 /* InfoPlist.strings */,
			);
			name = "Supporting Files";
			sourceTree = "<group>";
		};
		5AED303D19CD47F70098DC57 /* NetAsistantTests */ = {
			isa = PBXGroup;
			children = (
				5AED304019CD47F70098DC57 /* NetAsistantTests.m */,
				5AED303E19CD47F70098DC57 /* Supporting Files */,
			);
			path = NetAsistantTests;
			sourceTree = "<group>";
		};
		5AED303E19CD47F70098DC57 /* Supporting Files */ = {
			isa = PBXGroup;
			children = (
				5AED303F19CD47F70098DC57 /* Info.plist */,
			);
			name = "Supporting Files";
			sourceTree = "<group>";
		};
		5AED308B19CD4BC40098DC57 /* Frameworks */ = {
			isa = PBXGroup;
			children = (
				5AAE63F61AA15E6300AB99E6 /* libz.dylib */,
				5AC5CBB91A298086001DD8CC /* MessageUI.framework */,
				5AED308C19CD4CF80098DC57 /* CoreGraphics.framework */,
				5AED305619CD4B6D0098DC57 /* Foundation.framework */,
				5A451CE819CD6DE100F21478 /* NotificationCenter.framework */,
			);
			name = Frameworks;
			sourceTree = "<group>";
		};
/* End PBXGroup section */

/* Begin PBXNativeTarget section */
		5A451CE619CD6DE100F21478 /* Extension */ = {
			isa = PBXNativeTarget;
			buildConfigurationList = 5A451CF919CD6DE100F21478 /* Build configuration list for PBXNativeTarget "Extension" */;
			buildPhases = (
				5A451CE319CD6DE100F21478 /* Sources */,
				5A451CE419CD6DE100F21478 /* Frameworks */,
				5A451CE519CD6DE100F21478 /* Resources */,
			);
			buildRules = (
			);
			dependencies = (
			);
			name = Extension;
			productName = Extension;
			productReference = 5A451CE719CD6DE100F21478 /* Extension.appex */;
			productType = "com.apple.product-type.app-extension";
		};
		5A502DE41B1DC2C900E8438D /* 上网助手 WatchKit Extension */ = {
			isa = PBXNativeTarget;
			buildConfigurationList = 5A502E071B1DC2C900E8438D /* Build configuration list for PBXNativeTarget "上网助手 WatchKit Extension" */;
			buildPhases = (
				5A502DE11B1DC2C900E8438D /* Sources */,
				5A502DE21B1DC2C900E8438D /* Frameworks */,
				5A502DE31B1DC2C900E8438D /* Resources */,
			);
			buildRules = (
			);
			dependencies = (
				5A502DF61B1DC2C900E8438D /* PBXTargetDependency */,
			);
			name = "上网助手 WatchKit Extension";
			productName = "上网助手 WatchKit Extension";
			productReference = 5A502DE51B1DC2C900E8438D /* 上网助手 WatchKit Extension.appex */;
			productType = "com.apple.product-type.watchkit-extension";
		};
		5A502DF21B1DC2C900E8438D /* 上网助手 WatchKit App */ = {
			isa = PBXNativeTarget;
			buildConfigurationList = 5A502E061B1DC2C900E8438D /* Build configuration list for PBXNativeTarget "上网助手 WatchKit App" */;
			buildPhases = (
				5A502DF11B1DC2C900E8438D /* Resources */,
			);
			buildRules = (
			);
			dependencies = (
			);
			name = "上网助手 WatchKit App";
			productName = "上网助手 WatchKit App";
			productReference = 5A502DF31B1DC2C900E8438D /* 上网助手 WatchKit App.app */;
			productType = "com.apple.product-type.application.watchapp";
		};
		5AED302019CD47F70098DC57 /* NetAsistant */ = {
			isa = PBXNativeTarget;
			buildConfigurationList = 5AED304419CD47F70098DC57 /* Build configuration list for PBXNativeTarget "NetAsistant" */;
			buildPhases = (
				5AED301D19CD47F70098DC57 /* Sources */,
				5AED301E19CD47F70098DC57 /* Frameworks */,
				5AED301F19CD47F70098DC57 /* Resources */,
				5A451CFA19CD6DE100F21478 /* Embed App Extensions */,
			);
			buildRules = (
			);
			dependencies = (
				5A451CF319CD6DE100F21478 /* PBXTargetDependency */,
				5A451CF619CD6DE100F21478 /* PBXTargetDependency */,
				5A502E001B1DC2C900E8438D /* PBXTargetDependency */,
			);
			name = NetAsistant;
			productName = NetAsistant;
			productReference = 5AED302119CD47F70098DC57 /* NetAsistant.app */;
			productType = "com.apple.product-type.application";
		};
		5AED303919CD47F70098DC57 /* NetAsistantTests */ = {
			isa = PBXNativeTarget;
			buildConfigurationList = 5AED304719CD47F70098DC57 /* Build configuration list for PBXNativeTarget "NetAsistantTests" */;
			buildPhases = (
				5AED303619CD47F70098DC57 /* Sources */,
				5AED303719CD47F70098DC57 /* Frameworks */,
				5AED303819CD47F70098DC57 /* Resources */,
			);
			buildRules = (
			);
			dependencies = (
				5AED303C19CD47F70098DC57 /* PBXTargetDependency */,
			);
			name = NetAsistantTests;
			productName = NetAsistantTests;
			productReference = 5AED303A19CD47F70098DC57 /* NetAsistantTests.xctest */;
			productType = "com.apple.product-type.bundle.unit-test";
		};
/* End PBXNativeTarget section */

/* Begin PBXProject section */
		5AED301919CD47F70098DC57 /* Project object */ = {
			isa = PBXProject;
			attributes = {
				LastUpgradeCheck = 0600;
				ORGANIZATIONNAME = Zzy;
				TargetAttributes = {
					5A451CE619CD6DE100F21478 = {
						CreatedOnToolsVersion = 6.0.1;
						DevelopmentTeam = LMJACF6T63;
						SystemCapabilities = {
							com.apple.ApplicationGroups.iOS = {
								enabled = 1;
							};
						};
					};
					5A502DE41B1DC2C900E8438D = {
						CreatedOnToolsVersion = 6.3.2;
						DevelopmentTeam = LMJACF6T63;
						SystemCapabilities = {
							com.apple.ApplicationGroups.iOS = {
								enabled = 1;
							};
						};
					};
					5A502DF21B1DC2C900E8438D = {
						CreatedOnToolsVersion = 6.3.2;
						DevelopmentTeam = LMJACF6T63;
					};
					5AED302019CD47F70098DC57 = {
						CreatedOnToolsVersion = 6.0.1;
						DevelopmentTeam = LMJACF6T63;
						SystemCapabilities = {
							com.apple.ApplicationGroups.iOS = {
								enabled = 1;
							};
							com.apple.BackgroundModes = {
								enabled = 1;
							};
						};
					};
					5AED303919CD47F70098DC57 = {
						CreatedOnToolsVersion = 6.0.1;
						TestTargetID = 5AED302019CD47F70098DC57;
					};
				};
			};
			buildConfigurationList = 5AED301C19CD47F70098DC57 /* Build configuration list for PBXProject "NetAsistant" */;
			compatibilityVersion = "Xcode 3.2";
			developmentRegion = English;
			hasScannedForEncodings = 0;
			knownRegions = (
				Base,
				"zh-Hans",
				en,
			);
			mainGroup = 5AED301819CD47F70098DC57;
			productRefGroup = 5AED302219CD47F70098DC57 /* Products */;
			projectDirPath = "";
			projectRoot = "";
			targets = (
				5AED302019CD47F70098DC57 /* NetAsistant */,
				5AED303919CD47F70098DC57 /* NetAsistantTests */,
				5A451CE619CD6DE100F21478 /* Extension */,
				5A502DE41B1DC2C900E8438D /* 上网助手 WatchKit Extension */,
				5A502DF21B1DC2C900E8438D /* 上网助手 WatchKit App */,
			);
		};
/* End PBXProject section */

/* Begin PBXResourcesBuildPhase section */
		5A451CE519CD6DE100F21478 /* Resources */ = {
			isa = PBXResourcesBuildPhase;
			buildActionMask = 2147483647;
			files = (
				5AB140B01A59258C0027C784 /* MainInterface.storyboard in Resources */,
				5A5C277E1A5BD7A300EFAA46 /* InfoPlist.strings in Resources */,
				5A5C27831A5BD80600EFAA46 /* Localizable.strings in Resources */,
			);
			runOnlyForDeploymentPostprocessing = 0;
		};
		5A502DE31B1DC2C900E8438D /* Resources */ = {
			isa = PBXResourcesBuildPhase;
			buildActionMask = 2147483647;
			files = (
				5A502DF01B1DC2C900E8438D /* Images.xcassets in Resources */,
				5A502DF41B1DC2C900E8438D /* 上网助手 WatchKit App.app in Resources */,
			);
			runOnlyForDeploymentPostprocessing = 0;
		};
		5A502DF11B1DC2C900E8438D /* Resources */ = {
			isa = PBXResourcesBuildPhase;
			buildActionMask = 2147483647;
			files = (
				5A502DFC1B1DC2C900E8438D /* Interface.storyboard in Resources */,
				5A502DFE1B1DC2C900E8438D /* Images.xcassets in Resources */,
			);
			runOnlyForDeploymentPostprocessing = 0;
		};
		5AED301F19CD47F70098DC57 /* Resources */ = {
			isa = PBXResourcesBuildPhase;
			buildActionMask = 2147483647;
			files = (
				5A4F03BB1A70CA0D0050BD32 /* LaunchScreen.xib in Resources */,
				5AED303019CD47F70098DC57 /* Main.storyboard in Resources */,
				5AA08AB61A5BCCE000A9DBB1 /* Localizable.strings in Resources */,
				5AED303219CD47F70098DC57 /* Images.xcassets in Resources */,
				5A5C27751A5BD4E700EFAA46 /* InfoPlist.strings in Resources */,
			);
			runOnlyForDeploymentPostprocessing = 0;
		};
		5AED303819CD47F70098DC57 /* Resources */ = {
			isa = PBXResourcesBuildPhase;
			buildActionMask = 2147483647;
			files = (
			);
			runOnlyForDeploymentPostprocessing = 0;
		};
/* End PBXResourcesBuildPhase section */

/* Begin PBXSourcesBuildPhase section */
		5A451CE319CD6DE100F21478 /* Sources */ = {
			isa = PBXSourcesBuildPhase;
			buildActionMask = 2147483647;
			files = (
				5A40B1811AAAE6C300121BF2 /* SACoreDataManager.m in Sources */,
				5A40B18E1AAB028D00121BF2 /* netasistant.xcdatamodeld in Sources */,
				5A40B1821AAAE6C500121BF2 /* SAGlobalHolder.m in Sources */,
				5A451CEF19CD6DE100F21478 /* TodayViewController.m in Sources */,
				5A40B1841AAAE6CC00121BF2 /* SANetworkFlow.m in Sources */,
				5A40B1851AAAE6D100121BF2 /* SADetail.m in Sources */,
				5A40B17F1AAAE6B900121BF2 /* SADateUtils.m in Sources */,
				5A40B1831AAAE6C800121BF2 /* SANetworkFlowService.m in Sources */,
				5A40B1801AAAE6BC00121BF2 /* SAConvertUtils.m in Sources */,
			);
			runOnlyForDeploymentPostprocessing = 0;
		};
		5A502DE11B1DC2C900E8438D /* Sources */ = {
			isa = PBXSourcesBuildPhase;
			buildActionMask = 2147483647;
			files = (
				5A502E101B1DDA7700E8438D /* netasistant.xcdatamodeld in Sources */,
				5A502E0E1B1DD1EC00E8438D /* SANetworkFlow.m in Sources */,
				5A502E0D1B1DD1E300E8438D /* SADateUtils.m in Sources */,
				5A502E0A1B1DD1D500E8438D /* SANetworkFlowService.m in Sources */,
				5A502DEB1B1DC2C900E8438D /* InterfaceController.m in Sources */,
				5A502E0B1B1DD1DA00E8438D /* SACoreDataManager.m in Sources */,
				5A502DEE1B1DC2C900E8438D /* GlanceController.m in Sources */,
				5A502E0F1B1DD1F000E8438D /* SADetail.m in Sources */,
				5A502E091B1DD12200E8438D /* SAGlobalHolder.m in Sources */,
				5A502E0C1B1DD1E000E8438D /* SAConvertUtils.m in Sources */,
			);
			runOnlyForDeploymentPostprocessing = 0;
		};
		5AED301D19CD47F70098DC57 /* Sources */ = {
			isa = PBXSourcesBuildPhase;
			buildActionMask = 2147483647;
			files = (
				5A40B1721AAAD6C600121BF2 /* SACoreDataManager.m in Sources */,
				5A58F5401AA45CF60069D40B /* SAAboutViewController.m in Sources */,
				5A40B1771AAADC7300121BF2 /* SAConvertUtils.m in Sources */,
				5A58F5311AA45C5F0069D40B /* SANetworkFlow.m in Sources */,
				5A40B16A1AAAD61F00121BF2 /* netasistant.xcdatamodeld in Sources */,
				5A58F5381AA45C940069D40B /* SANetworkFlowService.m in Sources */,
				5A58F5421AA45CF60069D40B /* SAMainViewController.m in Sources */,
				5AED302A19CD47F70098DC57 /* AppDelegate.m in Sources */,
				5A58F54D1AA4628B0069D40B /* VVBlurPresenter.m in Sources */,
				5A58F5371AA45C940069D40B /* SAGlobalHolder.m in Sources */,
				5A58F54E1AA4628B0069D40B /* VVBlurTransitioning.m in Sources */,
				5A40B17B1AAADCD500121BF2 /* SADateUtils.m in Sources */,
				5A40B16E1AAAD67900121BF2 /* SADetail.m in Sources */,
				5A58F5411AA45CF60069D40B /* SAInfoViewController.m in Sources */,
				5A58F54F1AA4628B0069D40B /* VVBlurViewController.m in Sources */,
				5A40B1671AAAD57000121BF2 /* SADetailCell.m in Sources */,
				5A58F54C1AA4628B0069D40B /* VVBlurPresentationController.m in Sources */,
				5AED302719CD47F70098DC57 /* main.m in Sources */,
				5A40B1881AAAE96600121BF2 /* SADetailViewController.m in Sources */,
			);
			runOnlyForDeploymentPostprocessing = 0;
		};
		5AED303619CD47F70098DC57 /* Sources */ = {
			isa = PBXSourcesBuildPhase;
			buildActionMask = 2147483647;
			files = (
				5AED304119CD47F70098DC57 /* NetAsistantTests.m in Sources */,
				5A40B1891AAAE96600121BF2 /* SADetailViewController.m in Sources */,
			);
			runOnlyForDeploymentPostprocessing = 0;
		};
/* End PBXSourcesBuildPhase section */

/* Begin PBXTargetDependency section */
		5A451CF319CD6DE100F21478 /* PBXTargetDependency */ = {
			isa = PBXTargetDependency;
			target = 5A451CE619CD6DE100F21478 /* Extension */;
			targetProxy = 5A451CF219CD6DE100F21478 /* PBXContainerItemProxy */;
		};
		5A451CF619CD6DE100F21478 /* PBXTargetDependency */ = {
			isa = PBXTargetDependency;
			target = 5A451CE619CD6DE100F21478 /* Extension */;
			targetProxy = 5A451CF519CD6DE100F21478 /* PBXContainerItemProxy */;
		};
		5A502DF61B1DC2C900E8438D /* PBXTargetDependency */ = {
			isa = PBXTargetDependency;
			target = 5A502DF21B1DC2C900E8438D /* 上网助手 WatchKit App */;
			targetProxy = 5A502DF51B1DC2C900E8438D /* PBXContainerItemProxy */;
		};
		5A502E001B1DC2C900E8438D /* PBXTargetDependency */ = {
			isa = PBXTargetDependency;
			target = 5A502DE41B1DC2C900E8438D /* 上网助手 WatchKit Extension */;
			targetProxy = 5A502DFF1B1DC2C900E8438D /* PBXContainerItemProxy */;
		};
		5AED303C19CD47F70098DC57 /* PBXTargetDependency */ = {
			isa = PBXTargetDependency;
			target = 5AED302019CD47F70098DC57 /* NetAsistant */;
			targetProxy = 5AED303B19CD47F70098DC57 /* PBXContainerItemProxy */;
		};
/* End PBXTargetDependency section */

/* Begin PBXVariantGroup section */
		5A502DFA1B1DC2C900E8438D /* Interface.storyboard */ = {
			isa = PBXVariantGroup;
			children = (
				5A502DFB1B1DC2C900E8438D /* Base */,
			);
			name = Interface.storyboard;
			sourceTree = "<group>";
		};
		5A5C27771A5BD4E700EFAA46 /* InfoPlist.strings */ = {
			isa = PBXVariantGroup;
			children = (
				5A5C27761A5BD4E700EFAA46 /* Base */,
				5A5C27781A5BD4E800EFAA46 /* zh-Hans */,
				5A5C27791A5BD4EB00EFAA46 /* en */,
			);
			name = InfoPlist.strings;
			sourceTree = "<group>";
		};
		5A5C27801A5BD7A300EFAA46 /* InfoPlist.strings */ = {
			isa = PBXVariantGroup;
			children = (
				5A5C277F1A5BD7A300EFAA46 /* Base */,
				5A5C27811A5BD7A400EFAA46 /* zh-Hans */,
				5A5C27821A5BD7A700EFAA46 /* en */,
			);
			name = InfoPlist.strings;
			sourceTree = "<group>";
		};
		5A5C27851A5BD80600EFAA46 /* Localizable.strings */ = {
			isa = PBXVariantGroup;
			children = (
				5A5C27841A5BD80600EFAA46 /* Base */,
				5A5C27861A5BD80700EFAA46 /* zh-Hans */,
				5A5C27871A5BD80700EFAA46 /* en */,
			);
			name = Localizable.strings;
			sourceTree = "<group>";
		};
		5AA08AB81A5BCCE000A9DBB1 /* Localizable.strings */ = {
			isa = PBXVariantGroup;
			children = (
				5AA08AB71A5BCCE000A9DBB1 /* Base */,
				5AA08AB91A5BCCE300A9DBB1 /* zh-Hans */,
				5AA08ABA1A5BCCE300A9DBB1 /* en */,
			);
			name = Localizable.strings;
			sourceTree = "<group>";
		};
		5AA08ABC1A5BCE2200A9DBB1 /* Info.plist */ = {
			isa = PBXVariantGroup;
			children = (
				5A5C276F1A5BD44700EFAA46 /* Base */,
			);
			name = Info.plist;
			sourceTree = "<group>";
		};
		5AB140AE1A59258C0027C784 /* MainInterface.storyboard */ = {
			isa = PBXVariantGroup;
			children = (
				5AB140B21A5925ED0027C784 /* Base */,
				5AB140B31A5926080027C784 /* zh-Hans */,
				5AA08AB11A5BC5F500A9DBB1 /* en */,
			);
			name = MainInterface.storyboard;
			sourceTree = "<group>";
		};
		5AED302E19CD47F70098DC57 /* Main.storyboard */ = {
			isa = PBXVariantGroup;
			children = (
				5AED302F19CD47F70098DC57 /* Base */,
				5A7BCE9919E7C6A1005F01F7 /* zh-Hans */,
				5A40B18D1AAAEAB200121BF2 /* en */,
			);
			name = Main.storyboard;
			sourceTree = "<group>";
		};
/* End PBXVariantGroup section */

/* Begin XCBuildConfiguration section */
		5A451CF719CD6DE100F21478 /* Debug */ = {
			isa = XCBuildConfiguration;
			buildSettings = {
				ASSETCATALOG_COMPILER_APPICON_NAME = "AppIcon-2";
				ASSETCATALOG_COMPILER_LAUNCHIMAGE_NAME = LaunchImage;
				CODE_SIGN_ENTITLEMENTS = Extension/Extension.entitlements;
				CODE_SIGN_IDENTITY = "iPhone Developer";
				"CODE_SIGN_IDENTITY[sdk=iphoneos*]" = "iPhone Developer";
				GCC_PREPROCESSOR_DEFINITIONS = (
					"DEBUG=1",
					"$(inherited)",
				);
				INFOPLIST_FILE = Extension/Info.plist;
				LD_RUNPATH_SEARCH_PATHS = "$(inherited) @executable_path/Frameworks @executable_path/../../Frameworks";
				PRODUCT_NAME = "$(TARGET_NAME)";
				PROVISIONING_PROFILE = "";
				SKIP_INSTALL = YES;
				TARGETED_DEVICE_FAMILY = 1;
			};
			name = Debug;
		};
		5A451CF819CD6DE100F21478 /* Release */ = {
			isa = XCBuildConfiguration;
			buildSettings = {
				ASSETCATALOG_COMPILER_APPICON_NAME = "AppIcon-2";
				ASSETCATALOG_COMPILER_LAUNCHIMAGE_NAME = LaunchImage;
				CODE_SIGN_ENTITLEMENTS = Extension/Extension.entitlements;
				CODE_SIGN_IDENTITY = "iPhone Developer";
				"CODE_SIGN_IDENTITY[sdk=iphoneos*]" = "iPhone Developer";
				INFOPLIST_FILE = Extension/Info.plist;
				LD_RUNPATH_SEARCH_PATHS = "$(inherited) @executable_path/Frameworks @executable_path/../../Frameworks";
				PRODUCT_NAME = "$(TARGET_NAME)";
				PROVISIONING_PROFILE = "";
				SKIP_INSTALL = YES;
				TARGETED_DEVICE_FAMILY = 1;
			};
			name = Release;
		};
		5A502E021B1DC2C900E8438D /* Debug */ = {
			isa = XCBuildConfiguration;
			buildSettings = {
				CODE_SIGN_ENTITLEMENTS = "上网助手 WatchKit Extension/上网助手 WatchKit Extension.entitlements";
				CODE_SIGN_IDENTITY = "iPhone Developer";
				"CODE_SIGN_IDENTITY[sdk=iphoneos*]" = "iPhone Developer";
				DEBUG_INFORMATION_FORMAT = "dwarf-with-dsym";
				GCC_NO_COMMON_BLOCKS = YES;
				GCC_PREPROCESSOR_DEFINITIONS = (
					"DEBUG=1",
					"$(inherited)",
				);
				INFOPLIST_FILE = "上网助手 WatchKit Extension/Info.plist";
				IPHONEOS_DEPLOYMENT_TARGET = 8.3;
				LD_RUNPATH_SEARCH_PATHS = "$(inherited) @executable_path/Frameworks @executable_path/../../Frameworks";
				PRODUCT_NAME = "${TARGET_NAME}";
				PROVISIONING_PROFILE = "";
				SKIP_INSTALL = YES;
			};
			name = Debug;
		};
		5A502E031B1DC2C900E8438D /* Release */ = {
			isa = XCBuildConfiguration;
			buildSettings = {
				CODE_SIGN_ENTITLEMENTS = "上网助手 WatchKit Extension/上网助手 WatchKit Extension.entitlements";
				CODE_SIGN_IDENTITY = "iPhone Developer";
				"CODE_SIGN_IDENTITY[sdk=iphoneos*]" = "iPhone Developer";
				COPY_PHASE_STRIP = NO;
				DEBUG_INFORMATION_FORMAT = "dwarf-with-dsym";
				GCC_NO_COMMON_BLOCKS = YES;
				INFOPLIST_FILE = "上网助手 WatchKit Extension/Info.plist";
				IPHONEOS_DEPLOYMENT_TARGET = 8.3;
				LD_RUNPATH_SEARCH_PATHS = "$(inherited) @executable_path/Frameworks @executable_path/../../Frameworks";
				PRODUCT_NAME = "${TARGET_NAME}";
				PROVISIONING_PROFILE = "";
				SKIP_INSTALL = YES;
			};
			name = Release;
		};
		5A502E041B1DC2C900E8438D /* Debug */ = {
			isa = XCBuildConfiguration;
			buildSettings = {
				ASSETCATALOG_COMPILER_APPICON_NAME = AppIcon;
				CODE_SIGN_IDENTITY = "iPhone Developer";
				DEBUG_INFORMATION_FORMAT = "dwarf-with-dsym";
				GCC_NO_COMMON_BLOCKS = YES;
				GCC_PREPROCESSOR_DEFINITIONS = (
					"DEBUG=1",
					"$(inherited)",
				);
				IBSC_MODULE = "_____WatchKit_Extension";
				INFOPLIST_FILE = "上网助手 WatchKit App/Info.plist";
				IPHONEOS_DEPLOYMENT_TARGET = 8.2;
				PRODUCT_NAME = "$(TARGET_NAME)";
				SKIP_INSTALL = YES;
				TARGETED_DEVICE_FAMILY = 4;
				"TARGETED_DEVICE_FAMILY[sdk=iphonesimulator*]" = "1,4";
			};
			name = Debug;
		};
		5A502E051B1DC2C900E8438D /* Release */ = {
			isa = XCBuildConfiguration;
			buildSettings = {
				ASSETCATALOG_COMPILER_APPICON_NAME = AppIcon;
				CODE_SIGN_IDENTITY = "iPhone Developer";
				COPY_PHASE_STRIP = NO;
				DEBUG_INFORMATION_FORMAT = "dwarf-with-dsym";
				GCC_NO_COMMON_BLOCKS = YES;
				IBSC_MODULE = "_____WatchKit_Extension";
				INFOPLIST_FILE = "上网助手 WatchKit App/Info.plist";
				IPHONEOS_DEPLOYMENT_TARGET = 8.2;
				PRODUCT_NAME = "$(TARGET_NAME)";
				SKIP_INSTALL = YES;
				TARGETED_DEVICE_FAMILY = 4;
				"TARGETED_DEVICE_FAMILY[sdk=iphonesimulator*]" = "1,4";
			};
			name = Release;
		};
		5AED304219CD47F70098DC57 /* Debug */ = {
			isa = XCBuildConfiguration;
			buildSettings = {
				ALWAYS_SEARCH_USER_PATHS = NO;
				CLANG_CXX_LANGUAGE_STANDARD = "gnu++0x";
				CLANG_CXX_LIBRARY = "libc++";
				CLANG_ENABLE_MODULES = YES;
				CLANG_ENABLE_OBJC_ARC = YES;
				CLANG_WARN_BOOL_CONVERSION = YES;
				CLANG_WARN_CONSTANT_CONVERSION = YES;
				CLANG_WARN_DIRECT_OBJC_ISA_USAGE = YES_ERROR;
				CLANG_WARN_EMPTY_BODY = YES;
				CLANG_WARN_ENUM_CONVERSION = YES;
				CLANG_WARN_INT_CONVERSION = YES;
				CLANG_WARN_OBJC_ROOT_CLASS = YES_ERROR;
				CLANG_WARN_UNREACHABLE_CODE = YES;
				CLANG_WARN__DUPLICATE_METHOD_MATCH = YES;
				"CODE_SIGN_IDENTITY[sdk=iphoneos*]" = "iPhone Developer";
				COPY_PHASE_STRIP = NO;
				ENABLE_STRICT_OBJC_MSGSEND = YES;
				GCC_C_LANGUAGE_STANDARD = gnu99;
				GCC_DYNAMIC_NO_PIC = NO;
				GCC_OPTIMIZATION_LEVEL = 0;
				GCC_PREPROCESSOR_DEFINITIONS = (
					"DEBUG=1",
					"$(inherited)",
				);
				GCC_SYMBOLS_PRIVATE_EXTERN = NO;
				GCC_WARN_64_TO_32_BIT_CONVERSION = YES;
				GCC_WARN_ABOUT_RETURN_TYPE = YES_ERROR;
				GCC_WARN_UNDECLARED_SELECTOR = YES;
				GCC_WARN_UNINITIALIZED_AUTOS = YES_AGGRESSIVE;
				GCC_WARN_UNUSED_FUNCTION = YES;
				GCC_WARN_UNUSED_VARIABLE = YES;
				IPHONEOS_DEPLOYMENT_TARGET = 8.0;
				MTL_ENABLE_DEBUG_INFO = YES;
				ONLY_ACTIVE_ARCH = YES;
				SDKROOT = iphoneos;
			};
			name = Debug;
		};
		5AED304319CD47F70098DC57 /* Release */ = {
			isa = XCBuildConfiguration;
			buildSettings = {
				ALWAYS_SEARCH_USER_PATHS = NO;
				CLANG_CXX_LANGUAGE_STANDARD = "gnu++0x";
				CLANG_CXX_LIBRARY = "libc++";
				CLANG_ENABLE_MODULES = YES;
				CLANG_ENABLE_OBJC_ARC = YES;
				CLANG_WARN_BOOL_CONVERSION = YES;
				CLANG_WARN_CONSTANT_CONVERSION = YES;
				CLANG_WARN_DIRECT_OBJC_ISA_USAGE = YES_ERROR;
				CLANG_WARN_EMPTY_BODY = YES;
				CLANG_WARN_ENUM_CONVERSION = YES;
				CLANG_WARN_INT_CONVERSION = YES;
				CLANG_WARN_OBJC_ROOT_CLASS = YES_ERROR;
				CLANG_WARN_UNREACHABLE_CODE = YES;
				CLANG_WARN__DUPLICATE_METHOD_MATCH = YES;
				"CODE_SIGN_IDENTITY[sdk=iphoneos*]" = "iPhone Developer";
				COPY_PHASE_STRIP = YES;
				ENABLE_NS_ASSERTIONS = NO;
				ENABLE_STRICT_OBJC_MSGSEND = YES;
				GCC_C_LANGUAGE_STANDARD = gnu99;
				GCC_WARN_64_TO_32_BIT_CONVERSION = YES;
				GCC_WARN_ABOUT_RETURN_TYPE = YES_ERROR;
				GCC_WARN_UNDECLARED_SELECTOR = YES;
				GCC_WARN_UNINITIALIZED_AUTOS = YES_AGGRESSIVE;
				GCC_WARN_UNUSED_FUNCTION = YES;
				GCC_WARN_UNUSED_VARIABLE = YES;
				IPHONEOS_DEPLOYMENT_TARGET = 8.0;
				MTL_ENABLE_DEBUG_INFO = NO;
				SDKROOT = iphoneos;
				VALIDATE_PRODUCT = YES;
			};
			name = Release;
		};
		5AED304519CD47F70098DC57 /* Debug */ = {
			isa = XCBuildConfiguration;
			buildSettings = {
				ASSETCATALOG_COMPILER_APPICON_NAME = AppIcon;
				CODE_SIGN_ENTITLEMENTS = NetAsistant/NetAsistant.entitlements;
				CODE_SIGN_IDENTITY = "iPhone Developer";
				"CODE_SIGN_IDENTITY[sdk=iphoneos*]" = "iPhone Developer";
				INFOPLIST_FILE = NetAsistant/Base.lproj/Info.plist;
				IPHONEOS_DEPLOYMENT_TARGET = 8.0;
				LD_RUNPATH_SEARCH_PATHS = "$(inherited) @executable_path/Frameworks";
				LIBRARY_SEARCH_PATHS = (
					"$(inherited)",
					"$(PROJECT_DIR)/NetAsistant/GoogleMobileAdsSdkiOS",
					"$(PROJECT_DIR)/NetAsistant/Umeng",
					"$(PROJECT_DIR)/NetAsistant/Libs/Umeng",
				);
				OTHER_LDFLAGS = "-ObjC";
				PRODUCT_NAME = "$(TARGET_NAME)";
				PROVISIONING_PROFILE = "";
			};
			name = Debug;
		};
		5AED304619CD47F70098DC57 /* Release */ = {
			isa = XCBuildConfiguration;
			buildSettings = {
				ASSETCATALOG_COMPILER_APPICON_NAME = AppIcon;
				CODE_SIGN_ENTITLEMENTS = NetAsistant/NetAsistant.entitlements;
				CODE_SIGN_IDENTITY = "iPhone Developer";
				"CODE_SIGN_IDENTITY[sdk=iphoneos*]" = "iPhone Developer";
				INFOPLIST_FILE = NetAsistant/Base.lproj/Info.plist;
				IPHONEOS_DEPLOYMENT_TARGET = 8.0;
				LD_RUNPATH_SEARCH_PATHS = "$(inherited) @executable_path/Frameworks";
				LIBRARY_SEARCH_PATHS = (
					"$(inherited)",
					"$(PROJECT_DIR)/NetAsistant/GoogleMobileAdsSdkiOS",
					"$(PROJECT_DIR)/NetAsistant/Umeng",
					"$(PROJECT_DIR)/NetAsistant/Libs/Umeng",
				);
				OTHER_LDFLAGS = "-ObjC";
				PRODUCT_NAME = "$(TARGET_NAME)";
				PROVISIONING_PROFILE = "";
			};
			name = Release;
		};
		5AED304819CD47F70098DC57 /* Debug */ = {
			isa = XCBuildConfiguration;
			buildSettings = {
				BUNDLE_LOADER = "$(TEST_HOST)";
				FRAMEWORK_SEARCH_PATHS = (
					"$(SDKROOT)/Developer/Library/Frameworks",
					"$(inherited)",
				);
				GCC_PREPROCESSOR_DEFINITIONS = (
					"DEBUG=1",
					"$(inherited)",
				);
				INFOPLIST_FILE = NetAsistantTests/Info.plist;
				LD_RUNPATH_SEARCH_PATHS = "$(inherited) @executable_path/Frameworks @loader_path/Frameworks";
				PRODUCT_NAME = "$(TARGET_NAME)";
				TEST_HOST = "$(BUILT_PRODUCTS_DIR)/NetAsistant.app/NetAsistant";
			};
			name = Debug;
		};
		5AED304919CD47F70098DC57 /* Release */ = {
			isa = XCBuildConfiguration;
			buildSettings = {
				BUNDLE_LOADER = "$(TEST_HOST)";
				FRAMEWORK_SEARCH_PATHS = (
					"$(SDKROOT)/Developer/Library/Frameworks",
					"$(inherited)",
				);
				INFOPLIST_FILE = NetAsistantTests/Info.plist;
				LD_RUNPATH_SEARCH_PATHS = "$(inherited) @executable_path/Frameworks @loader_path/Frameworks";
				PRODUCT_NAME = "$(TARGET_NAME)";
				TEST_HOST = "$(BUILT_PRODUCTS_DIR)/NetAsistant.app/NetAsistant";
			};
			name = Release;
		};
/* End XCBuildConfiguration section */

/* Begin XCConfigurationList section */
		5A451CF919CD6DE100F21478 /* Build configuration list for PBXNativeTarget "Extension" */ = {
			isa = XCConfigurationList;
			buildConfigurations = (
				5A451CF719CD6DE100F21478 /* Debug */,
				5A451CF819CD6DE100F21478 /* Release */,
			);
			defaultConfigurationIsVisible = 0;
			defaultConfigurationName = Release;
		};
		5A502E061B1DC2C900E8438D /* Build configuration list for PBXNativeTarget "上网助手 WatchKit App" */ = {
			isa = XCConfigurationList;
			buildConfigurations = (
				5A502E041B1DC2C900E8438D /* Debug */,
				5A502E051B1DC2C900E8438D /* Release */,
			);
			defaultConfigurationIsVisible = 0;
			defaultConfigurationName = Release;
		};
		5A502E071B1DC2C900E8438D /* Build configuration list for PBXNativeTarget "上网助手 WatchKit Extension" */ = {
			isa = XCConfigurationList;
			buildConfigurations = (
				5A502E021B1DC2C900E8438D /* Debug */,
				5A502E031B1DC2C900E8438D /* Release */,
			);
			defaultConfigurationIsVisible = 0;
			defaultConfigurationName = Release;
		};
		5AED301C19CD47F70098DC57 /* Build configuration list for PBXProject "NetAsistant" */ = {
			isa = XCConfigurationList;
			buildConfigurations = (
				5AED304219CD47F70098DC57 /* Debug */,
				5AED304319CD47F70098DC57 /* Release */,
			);
			defaultConfigurationIsVisible = 0;
			defaultConfigurationName = Release;
		};
		5AED304419CD47F70098DC57 /* Build configuration list for PBXNativeTarget "NetAsistant" */ = {
			isa = XCConfigurationList;
			buildConfigurations = (
				5AED304519CD47F70098DC57 /* Debug */,
				5AED304619CD47F70098DC57 /* Release */,
			);
			defaultConfigurationIsVisible = 0;
			defaultConfigurationName = Release;
		};
		5AED304719CD47F70098DC57 /* Build configuration list for PBXNativeTarget "NetAsistantTests" */ = {
			isa = XCConfigurationList;
			buildConfigurations = (
				5AED304819CD47F70098DC57 /* Debug */,
				5AED304919CD47F70098DC57 /* Release */,
			);
			defaultConfigurationIsVisible = 0;
			defaultConfigurationName = Release;
		};
/* End XCConfigurationList section */

/* Begin XCVersionGroup section */
		5A40B1681AAAD61F00121BF2 /* netasistant.xcdatamodeld */ = {
			isa = XCVersionGroup;
			children = (
				5A40B1691AAAD61F00121BF2 /* netasistant.xcdatamodel */,
			);
			currentVersion = 5A40B1691AAAD61F00121BF2 /* netasistant.xcdatamodel */;
			path = netasistant.xcdatamodeld;
			sourceTree = "<group>";
			versionGroupType = wrapper.xcdatamodel;
		};
/* End XCVersionGroup section */
	};
	rootObject = 5AED301919CD47F70098DC57 /* Project object */;
}
